
Microsoft Visual Studio Solution File, Format Version 12.00
# Visual Studio Version 17
VisualStudioVersion = 17.0.31919.166
MinimumVisualStudioVersion = 10.0.40219.1
Project("{FAE04EC0-301F-11D3-BF4B-00C04F79EFBC}") = "BookDB", "BookDB.csproj", "{3851CA1E-96F5-46F1-8836-14A78492A667}"
EndProject
Global
	GlobalSection(SolutionConfigurationPlatforms) = preSolution
		Debug|Any CPU = Debug|Any CPU
		Release|Any CPU = Release|Any CPU
	EndGlobalSection
	GlobalSection(ProjectConfigurationPlatforms) = postSolution
		{3851CA1E-96F5-46F1-8836-14A78492A667}.Debug|Any CPU.ActiveCfg = Debug|Any CPU
		{3851CA1E-96F5-46F1-8836-14A78492A667}.Debug|Any CPU.Build.0 = Debug|Any CPU
		{3851CA1E-96F5-46F1-8836-14A78492A667}.Release|Any CPU.ActiveCfg = Release|Any CPU
		{3851CA1E-96F5-46F1-8836-14A78492A667}.Release|Any CPU.Build.0 = Release|Any CPU
	EndGlobalSection
	GlobalSection(SolutionProperties) = preSolution
		HideSolutionNode = FALSE
	EndGlobalSection
	GlobalSection(ExtensibilityGlobals) = postSolution
		SolutionGuid = {7195C0CE-C833-4F89-A83B-E3BB6C95D2D4}
	EndGlobalSection
EndGlobal
