
Microsoft Visual Studio Solution File, Format Version 12.00
# Visual Studio Version 17
VisualStudioVersion = 17.0.31919.166
MinimumVisualStudioVersion = 10.0.40219.1
Project("{9A19103F-16F7-4668-BE54-9A1E7A4F7556}") = "BookDBServer", "BookDBServer.csproj", "{DAD0B297-B188-4034-99BA-31D5F15FB167}"
EndProject
Project("{FAE04EC0-301F-11D3-BF4B-00C04F79EFBC}") = "BookDBServerTests", "..\BookDBServerTests\BookDBServerTests.csproj", "{0AFF433E-7D3C-4B4E-B335-2C1D81DAF8F2}"
EndProject
Global
	GlobalSection(SolutionConfigurationPlatforms) = preSolution
		Debug|Any CPU = Debug|Any CPU
		Release|Any CPU = Release|Any CPU
	EndGlobalSection
	GlobalSection(ProjectConfigurationPlatforms) = postSolution
		{DAD0B297-B188-4034-99BA-31D5F15FB167}.Debug|Any CPU.ActiveCfg = Debug|Any CPU
		{DAD0B297-B188-4034-99BA-31D5F15FB167}.Debug|Any CPU.Build.0 = Debug|Any CPU
		{DAD0B297-B188-4034-99BA-31D5F15FB167}.Release|Any CPU.ActiveCfg = Release|Any CPU
		{DAD0B297-B188-4034-99BA-31D5F15FB167}.Release|Any CPU.Build.0 = Release|Any CPU
		{0AFF433E-7D3C-4B4E-B335-2C1D81DAF8F2}.Debug|Any CPU.ActiveCfg = Debug|Any CPU
		{0AFF433E-7D3C-4B4E-B335-2C1D81DAF8F2}.Debug|Any CPU.Build.0 = Debug|Any CPU
		{0AFF433E-7D3C-4B4E-B335-2C1D81DAF8F2}.Release|Any CPU.ActiveCfg = Release|Any CPU
		{0AFF433E-7D3C-4B4E-B335-2C1D81DAF8F2}.Release|Any CPU.Build.0 = Release|Any CPU
	EndGlobalSection
	GlobalSection(SolutionProperties) = preSolution
		HideSolutionNode = FALSE
	EndGlobalSection
	GlobalSection(ExtensibilityGlobals) = postSolution
		SolutionGuid = {7901545B-E7FB-4E4A-8B63-3E75E4573D13}
	EndGlobalSection
EndGlobal
